// !$*UTF8*$!
{
	archiveVersion = 1;
	classes = {
	};
	objectVersion = 50;
	objects = {

/* Begin PBXBuildFile section */
		13EBFD6425081476004214B9 /* AppDelegate.swift in Sources */ = {isa = PBXBuildFile; fileRef = 13EBFD6325081476004214B9 /* AppDelegate.swift */; };
		13EBFD6625081476004214B9 /* SceneDelegate.swift in Sources */ = {isa = PBXBuildFile; fileRef = 13EBFD6525081476004214B9 /* SceneDelegate.swift */; };
		13EBFD6925081476004214B9 /* RickAndMorty.xcdatamodeld in Sources */ = {isa = PBXBuildFile; fileRef = 13EBFD6725081476004214B9 /* RickAndMorty.xcdatamodeld */; };
		13EBFD6B25081476004214B9 /* ContentView.swift in Sources */ = {isa = PBXBuildFile; fileRef = 13EBFD6A25081476004214B9 /* ContentView.swift */; };
		13EBFD6D2508147F004214B9 /* Assets.xcassets in Resources */ = {isa = PBXBuildFile; fileRef = 13EBFD6C2508147F004214B9 /* Assets.xcassets */; };
		13EBFD702508147F004214B9 /* Preview Assets.xcassets in Resources */ = {isa = PBXBuildFile; fileRef = 13EBFD6F2508147F004214B9 /* Preview Assets.xcassets */; };
		13EBFD732508147F004214B9 /* LaunchScreen.storyboard in Resources */ = {isa = PBXBuildFile; fileRef = 13EBFD712508147F004214B9 /* LaunchScreen.storyboard */; };
		13EBFD7E2508147F004214B9 /* RickAndMortyTests.swift in Sources */ = {isa = PBXBuildFile; fileRef = 13EBFD7D2508147F004214B9 /* RickAndMortyTests.swift */; };
		13EBFD8B250815C7004214B9 /* NetworkService.swift in Sources */ = {isa = PBXBuildFile; fileRef = 13EBFD8A250815C7004214B9 /* NetworkService.swift */; };
		13EBFD8E25081951004214B9 /* ApiResponse.swift in Sources */ = {isa = PBXBuildFile; fileRef = 13EBFD8D25081951004214B9 /* ApiResponse.swift */; };
		13EBFD9025081C3A004214B9 /* Repository.swift in Sources */ = {isa = PBXBuildFile; fileRef = 13EBFD8F25081C3A004214B9 /* Repository.swift */; };
		13EBFD9225086692004214B9 /* NetworkService.swift in Sources */ = {isa = PBXBuildFile; fileRef = 13EBFD8A250815C7004214B9 /* NetworkService.swift */; };
		13EBFD942508683E004214B9 /* AllJSONResponse.json in Resources */ = {isa = PBXBuildFile; fileRef = 13EBFD932508683E004214B9 /* AllJSONResponse.json */; };
		13EBFD96250868A1004214B9 /* ErrorJSONResponse.json in Resources */ = {isa = PBXBuildFile; fileRef = 13EBFD95250868A1004214B9 /* ErrorJSONResponse.json */; };
		13EBFD97250869FE004214B9 /* ApiResponse.swift in Sources */ = {isa = PBXBuildFile; fileRef = 13EBFD8D25081951004214B9 /* ApiResponse.swift */; };
		13EBFD9825086C46004214B9 /* AllJSONResponse.json in Resources */ = {isa = PBXBuildFile; fileRef = 13EBFD932508683E004214B9 /* AllJSONResponse.json */; };
		13EBFD9925086C49004214B9 /* ErrorJSONResponse.json in Resources */ = {isa = PBXBuildFile; fileRef = 13EBFD95250868A1004214B9 /* ErrorJSONResponse.json */; };
/* End PBXBuildFile section */

/* Begin PBXContainerItemProxy section */
		13EBFD7A2508147F004214B9 /* PBXContainerItemProxy */ = {
			isa = PBXContainerItemProxy;
			containerPortal = 13EBFD5825081476004214B9 /* Project object */;
			proxyType = 1;
			remoteGlobalIDString = 13EBFD5F25081476004214B9;
			remoteInfo = RickAndMorty;
		};
/* End PBXContainerItemProxy section */

/* Begin PBXFileReference section */
		13EBFD6025081476004214B9 /* RickAndMorty.app */ = {isa = PBXFileReference; explicitFileType = wrapper.application; includeInIndex = 0; path = RickAndMorty.app; sourceTree = BUILT_PRODUCTS_DIR; };
		13EBFD6325081476004214B9 /* AppDelegate.swift */ = {isa = PBXFileReference; lastKnownFileType = sourcecode.swift; path = AppDelegate.swift; sourceTree = "<group>"; };
		13EBFD6525081476004214B9 /* SceneDelegate.swift */ = {isa = PBXFileReference; lastKnownFileType = sourcecode.swift; path = SceneDelegate.swift; sourceTree = "<group>"; };
		13EBFD6825081476004214B9 /* RickAndMorty.xcdatamodel */ = {isa = PBXFileReference; lastKnownFileType = wrapper.xcdatamodel; path = RickAndMorty.xcdatamodel; sourceTree = "<group>"; };
		13EBFD6A25081476004214B9 /* ContentView.swift */ = {isa = PBXFileReference; lastKnownFileType = sourcecode.swift; path = ContentView.swift; sourceTree = "<group>"; };
		13EBFD6C2508147F004214B9 /* Assets.xcassets */ = {isa = PBXFileReference; lastKnownFileType = folder.assetcatalog; path = Assets.xcassets; sourceTree = "<group>"; };
		13EBFD6F2508147F004214B9 /* Preview Assets.xcassets */ = {isa = PBXFileReference; lastKnownFileType = folder.assetcatalog; path = "Preview Assets.xcassets"; sourceTree = "<group>"; };
		13EBFD722508147F004214B9 /* Base */ = {isa = PBXFileReference; lastKnownFileType = file.storyboard; name = Base; path = Base.lproj/LaunchScreen.storyboard; sourceTree = "<group>"; };
		13EBFD742508147F004214B9 /* Info.plist */ = {isa = PBXFileReference; lastKnownFileType = text.plist.xml; path = Info.plist; sourceTree = "<group>"; };
		13EBFD792508147F004214B9 /* RickAndMortyTests.xctest */ = {isa = PBXFileReference; explicitFileType = wrapper.cfbundle; includeInIndex = 0; path = RickAndMortyTests.xctest; sourceTree = BUILT_PRODUCTS_DIR; };
		13EBFD7D2508147F004214B9 /* RickAndMortyTests.swift */ = {isa = PBXFileReference; lastKnownFileType = sourcecode.swift; path = RickAndMortyTests.swift; sourceTree = "<group>"; };
		13EBFD7F2508147F004214B9 /* Info.plist */ = {isa = PBXFileReference; lastKnownFileType = text.plist.xml; path = Info.plist; sourceTree = "<group>"; };
		13EBFD8A250815C7004214B9 /* NetworkService.swift */ = {isa = PBXFileReference; lastKnownFileType = sourcecode.swift; path = NetworkService.swift; sourceTree = "<group>"; };
		13EBFD8D25081951004214B9 /* ApiResponse.swift */ = {isa = PBXFileReference; lastKnownFileType = sourcecode.swift; path = ApiResponse.swift; sourceTree = "<group>"; };
		13EBFD8F25081C3A004214B9 /* Repository.swift */ = {isa = PBXFileReference; lastKnownFileType = sourcecode.swift; path = Repository.swift; sourceTree = "<group>"; };
		13EBFD932508683E004214B9 /* AllJSONResponse.json */ = {isa = PBXFileReference; lastKnownFileType = text.json; path = AllJSONResponse.json; sourceTree = "<group>"; };
		13EBFD95250868A1004214B9 /* ErrorJSONResponse.json */ = {isa = PBXFileReference; lastKnownFileType = text.json; path = ErrorJSONResponse.json; sourceTree = "<group>"; };
/* End PBXFileReference section */

/* Begin PBXFrameworksBuildPhase section */
		13EBFD5D25081476004214B9 /* Frameworks */ = {
			isa = PBXFrameworksBuildPhase;
			buildActionMask = 2147483647;
			files = (
			);
			runOnlyForDeploymentPostprocessing = 0;
		};
		13EBFD762508147F004214B9 /* Frameworks */ = {
			isa = PBXFrameworksBuildPhase;
			buildActionMask = 2147483647;
			files = (
			);
			runOnlyForDeploymentPostprocessing = 0;
		};
/* End PBXFrameworksBuildPhase section */

/* Begin PBXGroup section */
		13EBFD5725081476004214B9 = {
			isa = PBXGroup;
			children = (
				13EBFD6225081476004214B9 /* RickAndMorty */,
				13EBFD7C2508147F004214B9 /* RickAndMortyTests */,
				13EBFD6125081476004214B9 /* Products */,
			);
			sourceTree = "<group>";
		};
		13EBFD6125081476004214B9 /* Products */ = {
			isa = PBXGroup;
			children = (
				13EBFD6025081476004214B9 /* RickAndMorty.app */,
				13EBFD792508147F004214B9 /* RickAndMortyTests.xctest */,
			);
			name = Products;
			sourceTree = "<group>";
		};
		13EBFD6225081476004214B9 /* RickAndMorty */ = {
			isa = PBXGroup;
			children = (
				13EBFD6325081476004214B9 /* AppDelegate.swift */,
				13EBFD6525081476004214B9 /* SceneDelegate.swift */,
				13EBFD6A25081476004214B9 /* ContentView.swift */,
				13EBFD88250815A1004214B9 /* Data */,
				13EBFD6C2508147F004214B9 /* Assets.xcassets */,
				13EBFD712508147F004214B9 /* LaunchScreen.storyboard */,
				13EBFD742508147F004214B9 /* Info.plist */,
				13EBFD6725081476004214B9 /* RickAndMorty.xcdatamodeld */,
				13EBFD6E2508147F004214B9 /* Preview Content */,
			);
			path = RickAndMorty;
			sourceTree = "<group>";
		};
		13EBFD6E2508147F004214B9 /* Preview Content */ = {
			isa = PBXGroup;
			children = (
				13EBFD6F2508147F004214B9 /* Preview Assets.xcassets */,
			);
			path = "Preview Content";
			sourceTree = "<group>";
		};
		13EBFD7C2508147F004214B9 /* RickAndMortyTests */ = {
			isa = PBXGroup;
			children = (
				13EBFD7D2508147F004214B9 /* RickAndMortyTests.swift */,
				13EBFD7F2508147F004214B9 /* Info.plist */,
				13EBFD932508683E004214B9 /* AllJSONResponse.json */,
				13EBFD95250868A1004214B9 /* ErrorJSONResponse.json */,
			);
			path = RickAndMortyTests;
			sourceTree = "<group>";
		};
		13EBFD88250815A1004214B9 /* Data */ = {
			isa = PBXGroup;
			children = (
				13EBFD8C250818EB004214B9 /* Models */,
				13EBFD89250815A8004214B9 /* Network */,
				13EBFD8F25081C3A004214B9 /* Repository.swift */,
			);
			path = Data;
			sourceTree = "<group>";
		};
		13EBFD89250815A8004214B9 /* Network */ = {
			isa = PBXGroup;
			children = (
				13EBFD8A250815C7004214B9 /* NetworkService.swift */,
			);
			path = Network;
			sourceTree = "<group>";
		};
		13EBFD8C250818EB004214B9 /* Models */ = {
			isa = PBXGroup;
			children = (
				13EBFD8D25081951004214B9 /* ApiResponse.swift */,
			);
			path = Models;
			sourceTree = "<group>";
		};
/* End PBXGroup section */

/* Begin PBXNativeTarget section */
		13EBFD5F25081476004214B9 /* RickAndMorty */ = {
			isa = PBXNativeTarget;
			buildConfigurationList = 13EBFD822508147F004214B9 /* Build configuration list for PBXNativeTarget "RickAndMorty" */;
			buildPhases = (
				13EBFD5C25081476004214B9 /* Sources */,
				13EBFD5D25081476004214B9 /* Frameworks */,
				13EBFD5E25081476004214B9 /* Resources */,
			);
			buildRules = (
			);
			dependencies = (
			);
			name = RickAndMorty;
			productName = RickAndMorty;
			productReference = 13EBFD6025081476004214B9 /* RickAndMorty.app */;
			productType = "com.apple.product-type.application";
		};
		13EBFD782508147F004214B9 /* RickAndMortyTests */ = {
			isa = PBXNativeTarget;
			buildConfigurationList = 13EBFD852508147F004214B9 /* Build configuration list for PBXNativeTarget "RickAndMortyTests" */;
			buildPhases = (
				13EBFD752508147F004214B9 /* Sources */,
				13EBFD762508147F004214B9 /* Frameworks */,
				13EBFD772508147F004214B9 /* Resources */,
			);
			buildRules = (
			);
			dependencies = (
				13EBFD7B2508147F004214B9 /* PBXTargetDependency */,
			);
			name = RickAndMortyTests;
			productName = RickAndMortyTests;
			productReference = 13EBFD792508147F004214B9 /* RickAndMortyTests.xctest */;
			productType = "com.apple.product-type.bundle.unit-test";
		};
/* End PBXNativeTarget section */

/* Begin PBXProject section */
		13EBFD5825081476004214B9 /* Project object */ = {
			isa = PBXProject;
			attributes = {
				LastSwiftUpdateCheck = 1170;
				LastUpgradeCheck = 1170;
				ORGANIZATIONNAME = "Matt Tyler";
				TargetAttributes = {
					13EBFD5F25081476004214B9 = {
						CreatedOnToolsVersion = 11.7;
					};
					13EBFD782508147F004214B9 = {
						CreatedOnToolsVersion = 11.7;
						TestTargetID = 13EBFD5F25081476004214B9;
					};
				};
			};
			buildConfigurationList = 13EBFD5B25081476004214B9 /* Build configuration list for PBXProject "RickAndMorty" */;
			compatibilityVersion = "Xcode 9.3";
			developmentRegion = en;
			hasScannedForEncodings = 0;
			knownRegions = (
				en,
				Base,
			);
			mainGroup = 13EBFD5725081476004214B9;
			productRefGroup = 13EBFD6125081476004214B9 /* Products */;
			projectDirPath = "";
			projectRoot = "";
			targets = (
				13EBFD5F25081476004214B9 /* RickAndMorty */,
				13EBFD782508147F004214B9 /* RickAndMortyTests */,
			);
		};
/* End PBXProject section */

/* Begin PBXResourcesBuildPhase section */
		13EBFD5E25081476004214B9 /* Resources */ = {
			isa = PBXResourcesBuildPhase;
			buildActionMask = 2147483647;
			files = (
				13EBFD732508147F004214B9 /* LaunchScreen.storyboard in Resources */,
				13EBFD702508147F004214B9 /* Preview Assets.xcassets in Resources */,
				13EBFD9825086C46004214B9 /* AllJSONResponse.json in Resources */,
				13EBFD6D2508147F004214B9 /* Assets.xcassets in Resources */,
				13EBFD9925086C49004214B9 /* ErrorJSONResponse.json in Resources */,
			);
			runOnlyForDeploymentPostprocessing = 0;
		};
		13EBFD772508147F004214B9 /* Resources */ = {
			isa = PBXResourcesBuildPhase;
			buildActionMask = 2147483647;
			files = (
				13EBFD96250868A1004214B9 /* ErrorJSONResponse.json in Resources */,
				13EBFD942508683E004214B9 /* AllJSONResponse.json in Resources */,
			);
			runOnlyForDeploymentPostprocessing = 0;
		};
/* End PBXResourcesBuildPhase section */

/* Begin PBXSourcesBuildPhase section */
		13EBFD5C25081476004214B9 /* Sources */ = {
			isa = PBXSourcesBuildPhase;
			buildActionMask = 2147483647;
			files = (
				13EBFD9025081C3A004214B9 /* Repository.swift in Sources */,
				13EBFD8B250815C7004214B9 /* NetworkService.swift in Sources */,
				13EBFD6425081476004214B9 /* AppDelegate.swift in Sources */,
				13EBFD6625081476004214B9 /* SceneDelegate.swift in Sources */,
				13EBFD8E25081951004214B9 /* ApiResponse.swift in Sources */,
				13EBFD6B25081476004214B9 /* ContentView.swift in Sources */,
				13EBFD6925081476004214B9 /* RickAndMorty.xcdatamodeld in Sources */,
			);
			runOnlyForDeploymentPostprocessing = 0;
		};
		13EBFD752508147F004214B9 /* Sources */ = {
			isa = PBXSourcesBuildPhase;
			buildActionMask = 2147483647;
			files = (
				13EBFD97250869FE004214B9 /* ApiResponse.swift in Sources */,
				13EBFD9225086692004214B9 /* NetworkService.swift in Sources */,
				13EBFD7E2508147F004214B9 /* RickAndMortyTests.swift in Sources */,
			);
			runOnlyForDeploymentPostprocessing = 0;
		};
/* End PBXSourcesBuildPhase section */

/* Begin PBXTargetDependency section */
		13EBFD7B2508147F004214B9 /* PBXTargetDependency */ = {
			isa = PBXTargetDependency;
			target = 13EBFD5F25081476004214B9 /* RickAndMorty */;
			targetProxy = 13EBFD7A2508147F004214B9 /* PBXContainerItemProxy */;
		};
/* End PBXTargetDependency section */

/* Begin PBXVariantGroup section */
		13EBFD712508147F004214B9 /* LaunchScreen.storyboard */ = {
			isa = PBXVariantGroup;
			children = (
				13EBFD722508147F004214B9 /* Base */,
			);
			name = LaunchScreen.storyboard;
			sourceTree = "<group>";
		};
/* End PBXVariantGroup section */

/* Begin XCBuildConfiguration section */
		13EBFD802508147F004214B9 /* Debug */ = {
			isa = XCBuildConfiguration;
			buildSettings = {
				ALWAYS_SEARCH_USER_PATHS = NO;
				CLANG_ANALYZER_NONNULL = YES;
				CLANG_ANALYZER_NUMBER_OBJECT_CONVERSION = YES_AGGRESSIVE;
				CLANG_CXX_LANGUAGE_STANDARD = "gnu++14";
				CLANG_CXX_LIBRARY = "libc++";
				CLANG_ENABLE_MODULES = YES;
				CLANG_ENABLE_OBJC_ARC = YES;
				CLANG_ENABLE_OBJC_WEAK = YES;
				CLANG_WARN_BLOCK_CAPTURE_AUTORELEASING = YES;
				CLANG_WARN_BOOL_CONVERSION = YES;
				CLANG_WARN_COMMA = YES;
				CLANG_WARN_CONSTANT_CONVERSION = YES;
				CLANG_WARN_DEPRECATED_OBJC_IMPLEMENTATIONS = YES;
				CLANG_WARN_DIRECT_OBJC_ISA_USAGE = YES_ERROR;
				CLANG_WARN_DOCUMENTATION_COMMENTS = YES;
				CLANG_WARN_EMPTY_BODY = YES;
				CLANG_WARN_ENUM_CONVERSION = YES;
				CLANG_WARN_INFINITE_RECURSION = YES;
				CLANG_WARN_INT_CONVERSION = YES;
				CLANG_WARN_NON_LITERAL_NULL_CONVERSION = YES;
				CLANG_WARN_OBJC_IMPLICIT_RETAIN_SELF = YES;
				CLANG_WARN_OBJC_LITERAL_CONVERSION = YES;
				CLANG_WARN_OBJC_ROOT_CLASS = YES_ERROR;
				CLANG_WARN_RANGE_LOOP_ANALYSIS = YES;
				CLANG_WARN_STRICT_PROTOTYPES = YES;
				CLANG_WARN_SUSPICIOUS_MOVE = YES;
				CLANG_WARN_UNGUARDED_AVAILABILITY = YES_AGGRESSIVE;
				CLANG_WARN_UNREACHABLE_CODE = YES;
				CLANG_WARN__DUPLICATE_METHOD_MATCH = YES;
				COPY_PHASE_STRIP = NO;
				DEBUG_INFORMATION_FORMAT = dwarf;
				ENABLE_STRICT_OBJC_MSGSEND = YES;
				ENABLE_TESTABILITY = YES;
				GCC_C_LANGUAGE_STANDARD = gnu11;
				GCC_DYNAMIC_NO_PIC = NO;
				GCC_NO_COMMON_BLOCKS = YES;
				GCC_OPTIMIZATION_LEVEL = 0;
				GCC_PREPROCESSOR_DEFINITIONS = (
					"DEBUG=1",
					"$(inherited)",
				);
				GCC_WARN_64_TO_32_BIT_CONVERSION = YES;
				GCC_WARN_ABOUT_RETURN_TYPE = YES_ERROR;
				GCC_WARN_UNDECLARED_SELECTOR = YES;
				GCC_WARN_UNINITIALIZED_AUTOS = YES_AGGRESSIVE;
				GCC_WARN_UNUSED_FUNCTION = YES;
				GCC_WARN_UNUSED_VARIABLE = YES;
				IPHONEOS_DEPLOYMENT_TARGET = 13.7;
				MTL_ENABLE_DEBUG_INFO = INCLUDE_SOURCE;
				MTL_FAST_MATH = YES;
				ONLY_ACTIVE_ARCH = YES;
				SDKROOT = iphoneos;
				SWIFT_ACTIVE_COMPILATION_CONDITIONS = DEBUG;
				SWIFT_OPTIMIZATION_LEVEL = "-Onone";
			};
			name = Debug;
		};
		13EBFD812508147F004214B9 /* Release */ = {
			isa = XCBuildConfiguration;
			buildSettings = {
				ALWAYS_SEARCH_USER_PATHS = NO;
				CLANG_ANALYZER_NONNULL = YES;
				CLANG_ANALYZER_NUMBER_OBJECT_CONVERSION = YES_AGGRESSIVE;
				CLANG_CXX_LANGUAGE_STANDARD = "gnu++14";
				CLANG_CXX_LIBRARY = "libc++";
				CLANG_ENABLE_MODULES = YES;
				CLANG_ENABLE_OBJC_ARC = YES;
				CLANG_ENABLE_OBJC_WEAK = YES;
				CLANG_WARN_BLOCK_CAPTURE_AUTORELEASING = YES;
				CLANG_WARN_BOOL_CONVERSION = YES;
				CLANG_WARN_COMMA = YES;
				CLANG_WARN_CONSTANT_CONVERSION = YES;
				CLANG_WARN_DEPRECATED_OBJC_IMPLEMENTATIONS = YES;
				CLANG_WARN_DIRECT_OBJC_ISA_USAGE = YES_ERROR;
				CLANG_WARN_DOCUMENTATION_COMMENTS = YES;
				CLANG_WARN_EMPTY_BODY = YES;
				CLANG_WARN_ENUM_CONVERSION = YES;
				CLANG_WARN_INFINITE_RECURSION = YES;
				CLANG_WARN_INT_CONVERSION = YES;
				CLANG_WARN_NON_LITERAL_NULL_CONVERSION = YES;
				CLANG_WARN_OBJC_IMPLICIT_RETAIN_SELF = YES;
				CLANG_WARN_OBJC_LITERAL_CONVERSION = YES;
				CLANG_WARN_OBJC_ROOT_CLASS = YES_ERROR;
				CLANG_WARN_RANGE_LOOP_ANALYSIS = YES;
				CLANG_WARN_STRICT_PROTOTYPES = YES;
				CLANG_WARN_SUSPICIOUS_MOVE = YES;
				CLANG_WARN_UNGUARDED_AVAILABILITY = YES_AGGRESSIVE;
				CLANG_WARN_UNREACHABLE_CODE = YES;
				CLANG_WARN__DUPLICATE_METHOD_MATCH = YES;
				COPY_PHASE_STRIP = NO;
				DEBUG_INFORMATION_FORMAT = "dwarf-with-dsym";
				ENABLE_NS_ASSERTIONS = NO;
				ENABLE_STRICT_OBJC_MSGSEND = YES;
				GCC_C_LANGUAGE_STANDARD = gnu11;
				GCC_NO_COMMON_BLOCKS = YES;
				GCC_WARN_64_TO_32_BIT_CONVERSION = YES;
				GCC_WARN_ABOUT_RETURN_TYPE = YES_ERROR;
				GCC_WARN_UNDECLARED_SELECTOR = YES;
				GCC_WARN_UNINITIALIZED_AUTOS = YES_AGGRESSIVE;
				GCC_WARN_UNUSED_FUNCTION = YES;
				GCC_WARN_UNUSED_VARIABLE = YES;
				IPHONEOS_DEPLOYMENT_TARGET = 13.7;
				MTL_ENABLE_DEBUG_INFO = NO;
				MTL_FAST_MATH = YES;
				SDKROOT = iphoneos;
				SWIFT_COMPILATION_MODE = wholemodule;
				SWIFT_OPTIMIZATION_LEVEL = "-O";
				VALIDATE_PRODUCT = YES;
			};
			name = Release;
		};
		13EBFD832508147F004214B9 /* Debug */ = {
			isa = XCBuildConfiguration;
			buildSettings = {
				ASSETCATALOG_COMPILER_APPICON_NAME = AppIcon;
				CODE_SIGN_STYLE = Automatic;
				DEVELOPMENT_ASSET_PATHS = "\"RickAndMorty/Preview Content\"";
				ENABLE_PREVIEWS = YES;
				INFOPLIST_FILE = RickAndMorty/Info.plist;
				LD_RUNPATH_SEARCH_PATHS = (
					"$(inherited)",
					"@executable_path/Frameworks",
				);
				PRODUCT_BUNDLE_IDENTIFIER = com.matttyler.RickAndMorty;
				PRODUCT_NAME = "$(TARGET_NAME)";
				SWIFT_VERSION = 5.0;
				TARGETED_DEVICE_FAMILY = "1,2";
			};
			name = Debug;
		};
		13EBFD842508147F004214B9 /* Release */ = {
			isa = XCBuildConfiguration;
			buildSettings = {
				ASSETCATALOG_COMPILER_APPICON_NAME = AppIcon;
				CODE_SIGN_STYLE = Automatic;
				DEVELOPMENT_ASSET_PATHS = "\"RickAndMorty/Preview Content\"";
				ENABLE_PREVIEWS = YES;
				INFOPLIST_FILE = RickAndMorty/Info.plist;
				LD_RUNPATH_SEARCH_PATHS = (
					"$(inherited)",
					"@executable_path/Frameworks",
				);
				PRODUCT_BUNDLE_IDENTIFIER = com.matttyler.RickAndMorty;
				PRODUCT_NAME = "$(TARGET_NAME)";
				SWIFT_VERSION = 5.0;
				TARGETED_DEVICE_FAMILY = "1,2";
			};
			name = Release;
		};
		13EBFD862508147F004214B9 /* Debug */ = {
			isa = XCBuildConfiguration;
			buildSettings = {
				ALWAYS_EMBED_SWIFT_STANDARD_LIBRARIES = YES;
				BUNDLE_LOADER = "$(TEST_HOST)";
				CODE_SIGN_STYLE = Automatic;
				INFOPLIST_FILE = RickAndMortyTests/Info.plist;
				IPHONEOS_DEPLOYMENT_TARGET = 13.7;
				LD_RUNPATH_SEARCH_PATHS = (
					"$(inherited)",
					"@executable_path/Frameworks",
					"@loader_path/Frameworks",
				);
				PRODUCT_BUNDLE_IDENTIFIER = com.matttyler.RickAndMortyTests;
				PRODUCT_NAME = "$(TARGET_NAME)";
				SWIFT_VERSION = 5.0;
				TARGETED_DEVICE_FAMILY = "1,2";
				TEST_HOST = "$(BUILT_PRODUCTS_DIR)/RickAndMorty.app/RickAndMorty";
			};
			name = Debug;
		};
		13EBFD872508147F004214B9 /* Release */ = {
			isa = XCBuildConfiguration;
			buildSettings = {
				ALWAYS_EMBED_SWIFT_STANDARD_LIBRARIES = YES;
				BUNDLE_LOADER = "$(TEST_HOST)";
				CODE_SIGN_STYLE = Automatic;
				INFOPLIST_FILE = RickAndMortyTests/Info.plist;
				IPHONEOS_DEPLOYMENT_TARGET = 13.7;
				LD_RUNPATH_SEARCH_PATHS = (
					"$(inherited)",
					"@executable_path/Frameworks",
					"@loader_path/Frameworks",
				);
				PRODUCT_BUNDLE_IDENTIFIER = com.matttyler.RickAndMortyTests;
				PRODUCT_NAME = "$(TARGET_NAME)";
				SWIFT_VERSION = 5.0;
				TARGETED_DEVICE_FAMILY = "1,2";
				TEST_HOST = "$(BUILT_PRODUCTS_DIR)/RickAndMorty.app/RickAndMorty";
			};
			name = Release;
		};
/* End XCBuildConfiguration section */

/* Begin XCConfigurationList section */
		13EBFD5B25081476004214B9 /* Build configuration list for PBXProject "RickAndMorty" */ = {
			isa = XCConfigurationList;
			buildConfigurations = (
				13EBFD802508147F004214B9 /* Debug */,
				13EBFD812508147F004214B9 /* Release */,
			);
			defaultConfigurationIsVisible = 0;
			defaultConfigurationName = Release;
		};
		13EBFD822508147F004214B9 /* Build configuration list for PBXNativeTarget "RickAndMorty" */ = {
			isa = XCConfigurationList;
			buildConfigurations = (
				13EBFD832508147F004214B9 /* Debug */,
				13EBFD842508147F004214B9 /* Release */,
			);
			defaultConfigurationIsVisible = 0;
			defaultConfigurationName = Release;
		};
		13EBFD852508147F004214B9 /* Build configuration list for PBXNativeTarget "RickAndMortyTests" */ = {
			isa = XCConfigurationList;
			buildConfigurations = (
				13EBFD862508147F004214B9 /* Debug */,
				13EBFD872508147F004214B9 /* Release */,
			);
			defaultConfigurationIsVisible = 0;
			defaultConfigurationName = Release;
		};
/* End XCConfigurationList section */

/* Begin XCVersionGroup section */
		13EBFD6725081476004214B9 /* RickAndMorty.xcdatamodeld */ = {
			isa = XCVersionGroup;
			children = (
				13EBFD6825081476004214B9 /* RickAndMorty.xcdatamodel */,
			);
			currentVersion = 13EBFD6825081476004214B9 /* RickAndMorty.xcdatamodel */;
			path = RickAndMorty.xcdatamodeld;
			sourceTree = "<group>";
			versionGroupType = wrapper.xcdatamodel;
		};
/* End XCVersionGroup section */
	};
	rootObject = 13EBFD5825081476004214B9 /* Project object */;
}
